// !$*UTF8*$!
{
	archiveVersion = 1;
	classes = {
	};
	objectVersion = 46;
	objects = {

/* Begin PBXBuildFile section */
		B1994DCD17A4495700202FF0 /* UIKit.framework in Frameworks */ = {isa = PBXBuildFile; fileRef = B1994DCC17A4495700202FF0 /* UIKit.framework */; };
		B1994DCF17A4495700202FF0 /* Foundation.framework in Frameworks */ = {isa = PBXBuildFile; fileRef = B1994DCE17A4495700202FF0 /* Foundation.framework */; };
		B1994DD117A4495700202FF0 /* CoreGraphics.framework in Frameworks */ = {isa = PBXBuildFile; fileRef = B1994DD017A4495700202FF0 /* CoreGraphics.framework */; };
		B1994DD717A4495700202FF0 /* InfoPlist.strings in Resources */ = {isa = PBXBuildFile; fileRef = B1994DD517A4495700202FF0 /* InfoPlist.strings */; };
		B1994DD917A4495700202FF0 /* main.m in Sources */ = {isa = PBXBuildFile; fileRef = B1994DD817A4495700202FF0 /* main.m */; };
		B1994DDD17A4495700202FF0 /* KFAppDelegate.m in Sources */ = {isa = PBXBuildFile; fileRef = B1994DDC17A4495700202FF0 /* KFAppDelegate.m */; };
		B1994DDF17A4495700202FF0 /* Default.png in Resources */ = {isa = PBXBuildFile; fileRef = B1994DDE17A4495700202FF0 /* Default.png */; };
		B1994DE117A4495700202FF0 /* Default@2x.png in Resources */ = {isa = PBXBuildFile; fileRef = B1994DE017A4495700202FF0 /* Default@2x.png */; };
		B1994DE317A4495700202FF0 /* Default-568h@2x.png in Resources */ = {isa = PBXBuildFile; fileRef = B1994DE217A4495700202FF0 /* Default-568h@2x.png */; };
		B1994DF117A4498C00202FF0 /* KFTableViewController.m in Sources */ = {isa = PBXBuildFile; fileRef = B1994DF017A4498C00202FF0 /* KFTableViewController.m */; };
		B1994DFB17A44CB300202FF0 /* segment_arrow.png in Resources */ = {isa = PBXBuildFile; fileRef = B1994DF317A44CB300202FF0 /* segment_arrow.png */; };
		B1994DFC17A44CB300202FF0 /* segment_arrow@2x.png in Resources */ = {isa = PBXBuildFile; fileRef = B1994DF417A44CB300202FF0 /* segment_arrow@2x.png */; };
		B1994DFD17A44CB300202FF0 /* segmentbk_off.png in Resources */ = {isa = PBXBuildFile; fileRef = B1994DF517A44CB300202FF0 /* segmentbk_off.png */; };
		B1994DFE17A44CB300202FF0 /* segmentbk_off@2x.png in Resources */ = {isa = PBXBuildFile; fileRef = B1994DF617A44CB300202FF0 /* segmentbk_off@2x.png */; };
		B1994DFF17A44CB300202FF0 /* segmentbk_on.png in Resources */ = {isa = PBXBuildFile; fileRef = B1994DF717A44CB300202FF0 /* segmentbk_on.png */; };
		B1994E0017A44CB300202FF0 /* segmentbk_on@2x.png in Resources */ = {isa = PBXBuildFile; fileRef = B1994DF817A44CB300202FF0 /* segmentbk_on@2x.png */; };
		B1994E0117A44CB300202FF0 /* segmentbk_seperator.png in Resources */ = {isa = PBXBuildFile; fileRef = B1994DF917A44CB300202FF0 /* segmentbk_seperator.png */; };
		B1994E0217A44CB300202FF0 /* segmentbk_seperator@2x.png in Resources */ = {isa = PBXBuildFile; fileRef = B1994DFA17A44CB300202FF0 /* segmentbk_seperator@2x.png */; };
		B1994E0517A44CDF00202FF0 /* KFStyledSegmentedControl.m in Sources */ = {isa = PBXBuildFile; fileRef = B1994E0417A44CDF00202FF0 /* KFStyledSegmentedControl.m */; };
/* End PBXBuildFile section */

/* Begin PBXFileReference section */
		B1994DC917A4495700202FF0 /* KFSegmentControlExample.app */ = {isa = PBXFileReference; explicitFileType = wrapper.application; includeInIndex = 0; path = KFSegmentControlExample.app; sourceTree = BUILT_PRODUCTS_DIR; };
		B1994DCC17A4495700202FF0 /* UIKit.framework */ = {isa = PBXFileReference; lastKnownFileType = wrapper.framework; name = UIKit.framework; path = System/Library/Frameworks/UIKit.framework; sourceTree = SDKROOT; };
		B1994DCE17A4495700202FF0 /* Foundation.framework */ = {isa = PBXFileReference; lastKnownFileType = wrapper.framework; name = Foundation.framework; path = System/Library/Frameworks/Foundation.framework; sourceTree = SDKROOT; };
		B1994DD017A4495700202FF0 /* CoreGraphics.framework */ = {isa = PBXFileReference; lastKnownFileType = wrapper.framework; name = CoreGraphics.framework; path = System/Library/Frameworks/CoreGraphics.framework; sourceTree = SDKROOT; };
		B1994DD417A4495700202FF0 /* KFSegmentControlExample-Info.plist */ = {isa = PBXFileReference; lastKnownFileType = text.plist.xml; path = "KFSegmentControlExample-Info.plist"; sourceTree = "<group>"; };
		B1994DD617A4495700202FF0 /* en */ = {isa = PBXFileReference; lastKnownFileType = text.plist.strings; name = en; path = en.lproj/InfoPlist.strings; sourceTree = "<group>"; };
		B1994DD817A4495700202FF0 /* main.m */ = {isa = PBXFileReference; lastKnownFileType = sourcecode.c.objc; path = main.m; sourceTree = "<group>"; };
		B1994DDA17A4495700202FF0 /* KFSegmentControlExample-Prefix.pch */ = {isa = PBXFileReference; lastKnownFileType = sourcecode.c.h; path = "KFSegmentControlExample-Prefix.pch"; sourceTree = "<group>"; };
		B1994DDB17A4495700202FF0 /* KFAppDelegate.h */ = {isa = PBXFileReference; lastKnownFileType = sourcecode.c.h; path = KFAppDelegate.h; sourceTree = "<group>"; };
		B1994DDC17A4495700202FF0 /* KFAppDelegate.m */ = {isa = PBXFileReference; lastKnownFileType = sourcecode.c.objc; path = KFAppDelegate.m; sourceTree = "<group>"; };
		B1994DDE17A4495700202FF0 /* Default.png */ = {isa = PBXFileReference; lastKnownFileType = image.png; path = Default.png; sourceTree = "<group>"; };
		B1994DE017A4495700202FF0 /* Default@2x.png */ = {isa = PBXFileReference; lastKnownFileType = image.png; path = "Default@2x.png"; sourceTree = "<group>"; };
		B1994DE217A4495700202FF0 /* Default-568h@2x.png */ = {isa = PBXFileReference; lastKnownFileType = image.png; path = "Default-568h@2x.png"; sourceTree = "<group>"; };
		B1994DEF17A4498C00202FF0 /* KFTableViewController.h */ = {isa = PBXFileReference; fileEncoding = 4; lastKnownFileType = sourcecode.c.h; path = KFTableViewController.h; sourceTree = "<group>"; };
		B1994DF017A4498C00202FF0 /* KFTableViewController.m */ = {isa = PBXFileReference; fileEncoding = 4; lastKnownFileType = sourcecode.c.objc; path = KFTableViewController.m; sourceTree = "<group>"; };
		B1994DF317A44CB300202FF0 /* segment_arrow.png */ = {isa = PBXFileReference; lastKnownFileType = image.png; path = segment_arrow.png; sourceTree = "<group>"; };
		B1994DF417A44CB300202FF0 /* segment_arrow@2x.png */ = {isa = PBXFileReference; lastKnownFileType = image.png; path = "segment_arrow@2x.png"; sourceTree = "<group>"; };
		B1994DF517A44CB300202FF0 /* segmentbk_off.png */ = {isa = PBXFileReference; lastKnownFileType = image.png; path = segmentbk_off.png; sourceTree = "<group>"; };
		B1994DF617A44CB300202FF0 /* segmentbk_off@2x.png */ = {isa = PBXFileReference; lastKnownFileType = image.png; path = "segmentbk_off@2x.png"; sourceTree = "<group>"; };
		B1994DF717A44CB300202FF0 /* segmentbk_on.png */ = {isa = PBXFileReference; lastKnownFileType = image.png; path = segmentbk_on.png; sourceTree = "<group>"; };
		B1994DF817A44CB300202FF0 /* segmentbk_on@2x.png */ = {isa = PBXFileReference; lastKnownFileType = image.png; path = "segmentbk_on@2x.png"; sourceTree = "<group>"; };
		B1994DF917A44CB300202FF0 /* segmentbk_seperator.png */ = {isa = PBXFileReference; lastKnownFileType = image.png; path = segmentbk_seperator.png; sourceTree = "<group>"; };
		B1994DFA17A44CB300202FF0 /* segmentbk_seperator@2x.png */ = {isa = PBXFileReference; lastKnownFileType = image.png; path = "segmentbk_seperator@2x.png"; sourceTree = "<group>"; };
		B1994E0317A44CDE00202FF0 /* KFStyledSegmentedControl.h */ = {isa = PBXFileReference; fileEncoding = 4; lastKnownFileType = sourcecode.c.h; path = KFStyledSegmentedControl.h; sourceTree = "<group>"; };
		B1994E0417A44CDF00202FF0 /* KFStyledSegmentedControl.m */ = {isa = PBXFileReference; fileEncoding = 4; lastKnownFileType = sourcecode.c.objc; path = KFStyledSegmentedControl.m; sourceTree = "<group>"; };
/* End PBXFileReference section */

/* Begin PBXFrameworksBuildPhase section */
		B1994DC617A4495700202FF0 /* Frameworks */ = {
			isa = PBXFrameworksBuildPhase;
			buildActionMask = 2147483647;
			files = (
				B1994DCD17A4495700202FF0 /* UIKit.framework in Frameworks */,
				B1994DCF17A4495700202FF0 /* Foundation.framework in Frameworks */,
				B1994DD117A4495700202FF0 /* CoreGraphics.framework in Frameworks */,
			);
			runOnlyForDeploymentPostprocessing = 0;
		};
/* End PBXFrameworksBuildPhase section */

/* Begin PBXGroup section */
		B1994DC017A4495700202FF0 = {
			isa = PBXGroup;
			children = (
				B1994DD217A4495700202FF0 /* KFSegmentControlExample */,
				B1994DCB17A4495700202FF0 /* Frameworks */,
				B1994DCA17A4495700202FF0 /* Products */,
			);
			sourceTree = "<group>";
		};
		B1994DCA17A4495700202FF0 /* Products */ = {
			isa = PBXGroup;
			children = (
				B1994DC917A4495700202FF0 /* KFSegmentControlExample.app */,
			);
			name = Products;
			sourceTree = "<group>";
		};
		B1994DCB17A4495700202FF0 /* Frameworks */ = {
			isa = PBXGroup;
			children = (
				B1994DCC17A4495700202FF0 /* UIKit.framework */,
				B1994DCE17A4495700202FF0 /* Foundation.framework */,
				B1994DD017A4495700202FF0 /* CoreGraphics.framework */,
			);
			name = Frameworks;
			sourceTree = "<group>";
		};
		B1994DD217A4495700202FF0 /* KFSegmentControlExample */ = {
			isa = PBXGroup;
			children = (
				B1994DF217A44C8000202FF0 /* Images */,
				B1994DDB17A4495700202FF0 /* KFAppDelegate.h */,
				B1994DDC17A4495700202FF0 /* KFAppDelegate.m */,
				B1994DEF17A4498C00202FF0 /* KFTableViewController.h */,
				B1994DF017A4498C00202FF0 /* KFTableViewController.m */,
				B1994E0317A44CDE00202FF0 /* KFStyledSegmentedControl.h */,
				B1994E0417A44CDF00202FF0 /* KFStyledSegmentedControl.m */,
				B1994DD317A4495700202FF0 /* Supporting Files */,
			);
			path = KFSegmentControlExample;
			sourceTree = "<group>";
		};
		B1994DD317A4495700202FF0 /* Supporting Files */ = {
			isa = PBXGroup;
			children = (
				B1994DD417A4495700202FF0 /* KFSegmentControlExample-Info.plist */,
				B1994DD517A4495700202FF0 /* InfoPlist.strings */,
				B1994DD817A4495700202FF0 /* main.m */,
				B1994DDA17A4495700202FF0 /* KFSegmentControlExample-Prefix.pch */,
				B1994DDE17A4495700202FF0 /* Default.png */,
				B1994DE017A4495700202FF0 /* Default@2x.png */,
				B1994DE217A4495700202FF0 /* Default-568h@2x.png */,
			);
			name = "Supporting Files";
			sourceTree = "<group>";
		};
		B1994DF217A44C8000202FF0 /* Images */ = {
			isa = PBXGroup;
			children = (
				B1994DF317A44CB300202FF0 /* segment_arrow.png */,
				B1994DF417A44CB300202FF0 /* segment_arrow@2x.png */,
				B1994DF517A44CB300202FF0 /* segmentbk_off.png */,
				B1994DF617A44CB300202FF0 /* segmentbk_off@2x.png */,
				B1994DF717A44CB300202FF0 /* segmentbk_on.png */,
				B1994DF817A44CB300202FF0 /* segmentbk_on@2x.png */,
				B1994DF917A44CB300202FF0 /* segmentbk_seperator.png */,
				B1994DFA17A44CB300202FF0 /* segmentbk_seperator@2x.png */,
			);
			name = Images;
			sourceTree = "<group>";
		};
/* End PBXGroup section */

/* Begin PBXNativeTarget section */
		B1994DC817A4495700202FF0 /* KFSegmentControlExample */ = {
			isa = PBXNativeTarget;
			buildConfigurationList = B1994DEC17A4495700202FF0 /* Build configuration list for PBXNativeTarget "KFSegmentControlExample" */;
			buildPhases = (
				B1994DC517A4495700202FF0 /* Sources */,
				B1994DC617A4495700202FF0 /* Frameworks */,
				B1994DC717A4495700202FF0 /* Resources */,
			);
			buildRules = (
			);
			dependencies = (
			);
			name = KFSegmentControlExample;
			productName = KFSegmentControlExample;
			productReference = B1994DC917A4495700202FF0 /* KFSegmentControlExample.app */;
			productType = "com.apple.product-type.application";
		};
/* End PBXNativeTarget section */

/* Begin PBXProject section */
		B1994DC117A4495700202FF0 /* Project object */ = {
			isa = PBXProject;
			attributes = {
				CLASSPREFIX = KF;
				LastUpgradeCheck = 0460;
				ORGANIZATIONNAME = KF;
			};
			buildConfigurationList = B1994DC417A4495700202FF0 /* Build configuration list for PBXProject "KFSegmentControlExample" */;
			compatibilityVersion = "Xcode 3.2";
			developmentRegion = English;
			hasScannedForEncodings = 0;
			knownRegions = (
				en,
			);
			mainGroup = B1994DC017A4495700202FF0;
			productRefGroup = B1994DCA17A4495700202FF0 /* Products */;
			projectDirPath = "";
			projectRoot = "";
			targets = (
				B1994DC817A4495700202FF0 /* KFSegmentControlExample */,
			);
		};
/* End PBXProject section */

/* Begin PBXResourcesBuildPhase section */
		B1994DC717A4495700202FF0 /* Resources */ = {
			isa = PBXResourcesBuildPhase;
			buildActionMask = 2147483647;
			files = (
				B1994DD717A4495700202FF0 /* InfoPlist.strings in Resources */,
				B1994DDF17A4495700202FF0 /* Default.png in Resources */,
				B1994DE117A4495700202FF0 /* Default@2x.png in Resources */,
				B1994DE317A4495700202FF0 /* Default-568h@2x.png in Resources */,
				B1994DFB17A44CB300202FF0 /* segment_arrow.png in Resources */,
				B1994DFC17A44CB300202FF0 /* segment_arrow@2x.png in Resources */,
				B1994DFD17A44CB300202FF0 /* segmentbk_off.png in Resources */,
				B1994DFE17A44CB300202FF0 /* segmentbk_off@2x.png in Resources */,
				B1994DFF17A44CB300202FF0 /* segmentbk_on.png in Resources */,
				B1994E0017A44CB300202FF0 /* segmentbk_on@2x.png in Resources */,
				B1994E0117A44CB300202FF0 /* segmentbk_seperator.png in Resources */,
				B1994E0217A44CB300202FF0 /* segmentbk_seperator@2x.png in Resources */,
			);
			runOnlyForDeploymentPostprocessing = 0;
		};
/* End PBXResourcesBuildPhase section */

/* Begin PBXSourcesBuildPhase section */
		B1994DC517A4495700202FF0 /* Sources */ = {
			isa = PBXSourcesBuildPhase;
			buildActionMask = 2147483647;
			files = (
				B1994DD917A4495700202FF0 /* main.m in Sources */,
				B1994DDD17A4495700202FF0 /* KFAppDelegate.m in Sources */,
				B1994DF117A4498C00202FF0 /* KFTableViewController.m in Sources */,
				B1994E0517A44CDF00202FF0 /* KFStyledSegmentedControl.m in Sources */,
			);
			runOnlyForDeploymentPostprocessing = 0;
		};
/* End PBXSourcesBuildPhase section */

/* Begin PBXVariantGroup section */
		B1994DD517A4495700202FF0 /* InfoPlist.strings */ = {
			isa = PBXVariantGroup;
			children = (
				B1994DD617A4495700202FF0 /* en */,
			);
			name = InfoPlist.strings;
			sourceTree = "<group>";
		};
/* End PBXVariantGroup section */

/* Begin XCBuildConfiguration section */
		B1994DEA17A4495700202FF0 /* Debug */ = {
			isa = XCBuildConfiguration;
			buildSettings = {
				ALWAYS_SEARCH_USER_PATHS = NO;
				CLANG_CXX_LANGUAGE_STANDARD = "gnu++0x";
				CLANG_CXX_LIBRARY = "libc++";
				CLANG_ENABLE_OBJC_ARC = YES;
				CLANG_WARN_CONSTANT_CONVERSION = YES;
				CLANG_WARN_EMPTY_BODY = YES;
				CLANG_WARN_ENUM_CONVERSION = YES;
				CLANG_WARN_INT_CONVERSION = YES;
				CLANG_WARN__DUPLICATE_METHOD_MATCH = YES;
				"CODE_SIGN_IDENTITY[sdk=iphoneos*]" = "iPhone Developer";
				COPY_PHASE_STRIP = NO;
				GCC_C_LANGUAGE_STANDARD = gnu99;
				GCC_DYNAMIC_NO_PIC = NO;
				GCC_OPTIMIZATION_LEVEL = 0;
				GCC_PREPROCESSOR_DEFINITIONS = (
					"DEBUG=1",
					"$(inherited)",
				);
				GCC_SYMBOLS_PRIVATE_EXTERN = NO;
				GCC_WARN_ABOUT_RETURN_TYPE = YES;
				GCC_WARN_UNINITIALIZED_AUTOS = YES;
				GCC_WARN_UNUSED_VARIABLE = YES;
				IPHONEOS_DEPLOYMENT_TARGET = 6.1;
				ONLY_ACTIVE_ARCH = YES;
				SDKROOT = iphoneos;
			};
			name = Debug;
		};
		B1994DEB17A4495700202FF0 /* Release */ = {
			isa = XCBuildConfiguration;
			buildSettings = {
				ALWAYS_SEARCH_USER_PATHS = NO;
				CLANG_CXX_LANGUAGE_STANDARD = "gnu++0x";
				CLANG_CXX_LIBRARY = "libc++";
				CLANG_ENABLE_OBJC_ARC = YES;
				CLANG_WARN_CONSTANT_CONVERSION = YES;
				CLANG_WARN_EMPTY_BODY = YES;
				CLANG_WARN_ENUM_CONVERSION = YES;
				CLANG_WARN_INT_CONVERSION = YES;
				CLANG_WARN__DUPLICATE_METHOD_MATCH = YES;
				"CODE_SIGN_IDENTITY[sdk=iphoneos*]" = "iPhone Developer";
				COPY_PHASE_STRIP = YES;
				GCC_C_LANGUAGE_STANDARD = gnu99;
				GCC_WARN_ABOUT_RETURN_TYPE = YES;
				GCC_WARN_UNINITIALIZED_AUTOS = YES;
				GCC_WARN_UNUSED_VARIABLE = YES;
				IPHONEOS_DEPLOYMENT_TARGET = 6.1;
				OTHER_CFLAGS = "-DNS_BLOCK_ASSERTIONS=1";
				SDKROOT = iphoneos;
				VALIDATE_PRODUCT = YES;
			};
			name = Release;
		};
		B1994DED17A4495700202FF0 /* Debug */ = {
			isa = XCBuildConfiguration;
			buildSettings = {
				GCC_PRECOMPILE_PREFIX_HEADER = YES;
				GCC_PREFIX_HEADER = "KFSegmentControlExample/KFSegmentControlExample-Prefix.pch";
				INFOPLIST_FILE = "KFSegmentControlExample/KFSegmentControlExample-Info.plist";
				PRODUCT_NAME = "$(TARGET_NAME)";
				WRAPPER_EXTENSION = app;
			};
			name = Debug;
		};
		B1994DEE17A4495700202FF0 /* Release */ = {
			isa = XCBuildConfiguration;
			buildSettings = {
				GCC_PRECOMPILE_PREFIX_HEADER = YES;
				GCC_PREFIX_HEADER = "KFSegmentControlExample/KFSegmentControlExample-Prefix.pch";
				INFOPLIST_FILE = "KFSegmentControlExample/KFSegmentControlExample-Info.plist";
				PRODUCT_NAME = "$(TARGET_NAME)";
				WRAPPER_EXTENSION = app;
			};
			name = Release;
		};
/* End XCBuildConfiguration section */

/* Begin XCConfigurationList section */
		B1994DC417A4495700202FF0 /* Build configuration list for PBXProject "KFSegmentControlExample" */ = {
			isa = XCConfigurationList;
			buildConfigurations = (
				B1994DEA17A4495700202FF0 /* Debug */,
				B1994DEB17A4495700202FF0 /* Release */,
			);
			defaultConfigurationIsVisible = 0;
			defaultConfigurationName = Release;
		};
		B1994DEC17A4495700202FF0 /* Build configuration list for PBXNativeTarget "KFSegmentControlExample" */ = {
			isa = XCConfigurationList;
			buildConfigurations = (
				B1994DED17A4495700202FF0 /* Debug */,
				B1994DEE17A4495700202FF0 /* Release */,
			);
			defaultConfigurationIsVisible = 0;
		};
/* End XCConfigurationList section */
	};
	rootObject = B1994DC117A4495700202FF0 /* Project object */;
}
